
Microsoft Visual Studio Solution File, Format Version 12.00
# Visual Studio Version 16
VisualStudioVersion = 16.0.35026.282
MinimumVisualStudioVersion = 10.0.40219.1
Project("{FAE04EC0-301F-11D3-BF4B-00C04F79EFBC}") = "UV7 Edit", "UV7 Edit.csproj", "{A5B0AB94-95D6-4B39-868A-83978EE7277B}"
EndProject
Global
	GlobalSection(SolutionConfigurationPlatforms) = preSolution
		Debug|Any CPU = Debug|Any CPU
		Release|Any CPU = Release|Any CPU
	EndGlobalSection
	GlobalSection(ProjectConfigurationPlatforms) = postSolution
		{A5B0AB94-95D6-4B39-868A-83978EE7277B}.Debug|Any CPU.ActiveCfg = Debug|Any CPU
		{A5B0AB94-95D6-4B39-868A-83978EE7277B}.Debug|Any CPU.Build.0 = Debug|Any CPU
		{A5B0AB94-95D6-4B39-868A-83978EE7277B}.Release|Any CPU.ActiveCfg = Release|Any CPU
		{A5B0AB94-95D6-4B39-868A-83978EE7277B}.Release|Any CPU.Build.0 = Release|Any CPU
	EndGlobalSection
	GlobalSection(SolutionProperties) = preSolution
		HideSolutionNode = FALSE
	EndGlobalSection
	GlobalSection(ExtensibilityGlobals) = postSolution
		SolutionGuid = {C18C512C-AE3C-4438-9984-AF5FCC185DFE}
	EndGlobalSection
EndGlobal
